// !$*UTF8*$!
{
	archiveVersion = 1;
	classes = {
	};
	objectVersion = 46;
	objects = {

/* Begin PBXBuildFile section */
		72EC6034156CBF5E00111DAB /* UIKit.framework in Frameworks */ = {isa = PBXBuildFile; fileRef = 72EC6033156CBF5E00111DAB /* UIKit.framework */; };
		72EC6036156CBF5E00111DAB /* Foundation.framework in Frameworks */ = {isa = PBXBuildFile; fileRef = 72EC6035156CBF5E00111DAB /* Foundation.framework */; };
		72EC6038156CBF5E00111DAB /* CoreGraphics.framework in Frameworks */ = {isa = PBXBuildFile; fileRef = 72EC6037156CBF5E00111DAB /* CoreGraphics.framework */; };
		72EC603E156CBF5E00111DAB /* InfoPlist.strings in Resources */ = {isa = PBXBuildFile; fileRef = 72EC603C156CBF5E00111DAB /* InfoPlist.strings */; };
		72EC6040156CBF5E00111DAB /* main.m in Sources */ = {isa = PBXBuildFile; fileRef = 72EC603F156CBF5E00111DAB /* main.m */; };
		72EC6044156CBF5E00111DAB /* CH10_iOSBackgroundingToneAppDelegate.m in Sources */ = {isa = PBXBuildFile; fileRef = 72EC6043156CBF5E00111DAB /* CH10_iOSBackgroundingToneAppDelegate.m */; };
/* End PBXBuildFile section */

/* Begin PBXFileReference section */
		72EC602F156CBF5E00111DAB /* CH10_iOSBackgroundingTone.app */ = {isa = PBXFileReference; explicitFileType = wrapper.application; includeInIndex = 0; path = CH10_iOSBackgroundingTone.app; sourceTree = BUILT_PRODUCTS_DIR; };
		72EC6033156CBF5E00111DAB /* UIKit.framework */ = {isa = PBXFileReference; lastKnownFileType = wrapper.framework; name = UIKit.framework; path = System/Library/Frameworks/UIKit.framework; sourceTree = SDKROOT; };
		72EC6035156CBF5E00111DAB /* Foundation.framework */ = {isa = PBXFileReference; lastKnownFileType = wrapper.framework; name = Foundation.framework; path = System/Library/Frameworks/Foundation.framework; sourceTree = SDKROOT; };
		72EC6037156CBF5E00111DAB /* CoreGraphics.framework */ = {isa = PBXFileReference; lastKnownFileType = wrapper.framework; name = CoreGraphics.framework; path = System/Library/Frameworks/CoreGraphics.framework; sourceTree = SDKROOT; };
		72EC603B156CBF5E00111DAB /* CH10_iOSBackgroundingTone-Info.plist */ = {isa = PBXFileReference; path = "CH10_iOSBackgroundingTone-Info.plist"; sourceTree = "<group>"; };
		72EC603D156CBF5E00111DAB /* en */ = {isa = PBXFileReference; lastKnownFileType = text.plist.strings; name = en; path = en.lproj/InfoPlist.strings; sourceTree = "<group>"; };
		72EC603F156CBF5E00111DAB /* main.m */ = {isa = PBXFileReference; lastKnownFileType = sourcecode.c.objc; path = main.m; sourceTree = "<group>"; };
		72EC6041156CBF5E00111DAB /* CH10_iOSBackgroundingTone-Prefix.pch */ = {isa = PBXFileReference; path = "CH10_iOSBackgroundingTone-Prefix.pch"; sourceTree = "<group>"; };
		72EC6042156CBF5E00111DAB /* CH10_iOSBackgroundingToneAppDelegate.h */ = {isa = PBXFileReference; path = CH10_iOSBackgroundingToneAppDelegate.h; sourceTree = "<group>"; };
		72EC6043156CBF5E00111DAB /* CH10_iOSBackgroundingToneAppDelegate.m */ = {isa = PBXFileReference; lastKnownFileType = sourcecode.c.objc; path = CH10_iOSBackgroundingToneAppDelegate.m; sourceTree = "<group>"; };
/* End PBXFileReference section */

/* Begin PBXFrameworksBuildPhase section */
		72EC602C156CBF5E00111DAB /* Frameworks */ = {
			isa = PBXFrameworksBuildPhase;
			buildActionMask = 2147483647;
			files = (
				72EC6034156CBF5E00111DAB /* UIKit.framework in Frameworks */,
				72EC6036156CBF5E00111DAB /* Foundation.framework in Frameworks */,
				72EC6038156CBF5E00111DAB /* CoreGraphics.framework in Frameworks */,
			);
			runOnlyForDeploymentPostprocessing = 0;
		};
/* End PBXFrameworksBuildPhase section */

/* Begin PBXGroup section */
		72EC6024156CBF5E00111DAB = {
			isa = PBXGroup;
			children = (
				72EC6039156CBF5E00111DAB /* CH10_iOSBackgroundingTone */,
				72EC6032156CBF5E00111DAB /* Frameworks */,
				72EC6030156CBF5E00111DAB /* Products */,
			);
			sourceTree = "<group>";
		};
		72EC6030156CBF5E00111DAB /* Products */ = {
			isa = PBXGroup;
			children = (
				72EC602F156CBF5E00111DAB /* CH10_iOSBackgroundingTone.app */,
			);
			name = Products;
			sourceTree = "<group>";
		};
		72EC6032156CBF5E00111DAB /* Frameworks */ = {
			isa = PBXGroup;
			children = (
				72EC6033156CBF5E00111DAB /* UIKit.framework */,
				72EC6035156CBF5E00111DAB /* Foundation.framework */,
				72EC6037156CBF5E00111DAB /* CoreGraphics.framework */,
			);
			name = Frameworks;
			sourceTree = "<group>";
		};
		72EC6039156CBF5E00111DAB /* CH10_iOSBackgroundingTone */ = {
			isa = PBXGroup;
			children = (
				72EC6042156CBF5E00111DAB /* CH10_iOSBackgroundingToneAppDelegate.h */,
				72EC6043156CBF5E00111DAB /* CH10_iOSBackgroundingToneAppDelegate.m */,
				72EC603A156CBF5E00111DAB /* Supporting Files */,
			);
			path = CH10_iOSBackgroundingTone;
			sourceTree = "<group>";
		};
		72EC603A156CBF5E00111DAB /* Supporting Files */ = {
			isa = PBXGroup;
			children = (
				72EC603B156CBF5E00111DAB /* CH10_iOSBackgroundingTone-Info.plist */,
				72EC603C156CBF5E00111DAB /* InfoPlist.strings */,
				72EC603F156CBF5E00111DAB /* main.m */,
				72EC6041156CBF5E00111DAB /* CH10_iOSBackgroundingTone-Prefix.pch */,
			);
			name = "Supporting Files";
			sourceTree = "<group>";
		};
/* End PBXGroup section */

/* Begin PBXNativeTarget section */
		72EC602E156CBF5E00111DAB /* CH10_iOSBackgroundingTone */ = {
			isa = PBXNativeTarget;
			buildConfigurationList = 72EC6047156CBF5E00111DAB /* Build configuration list for PBXNativeTarget "CH10_iOSBackgroundingTone" */;
			buildPhases = (
				72EC602B156CBF5E00111DAB /* Sources */,
				72EC602C156CBF5E00111DAB /* Frameworks */,
				72EC602D156CBF5E00111DAB /* Resources */,
			);
			buildRules = (
			);
			dependencies = (
			);
			name = CH10_iOSBackgroundingTone;
			productName = CH10_iOSBackgroundingTone;
			productReference = 72EC602F156CBF5E00111DAB /* CH10_iOSBackgroundingTone.app */;
			productType = "com.apple.product-type.application";
		};
/* End PBXNativeTarget section */

/* Begin PBXProject section */
		72EC6026156CBF5E00111DAB /* Project object */ = {
			isa = PBXProject;
			attributes = {
				CLASSPREFIX = CH10_iOSBackgroundingTone;
				LastUpgradeCheck = 0430;
			};
			buildConfigurationList = 72EC6029156CBF5E00111DAB /* Build configuration list for PBXProject "CH10_iOSBackgroundingTone" */;
			compatibilityVersion = "Xcode 3.2";
			developmentRegion = English;
			hasScannedForEncodings = 0;
			knownRegions = (
				en,
			);
			mainGroup = 72EC6024156CBF5E00111DAB;
			productRefGroup = 72EC6030156CBF5E00111DAB /* Products */;
			projectDirPath = "";
			projectRoot = "";
			targets = (
				72EC602E156CBF5E00111DAB /* CH10_iOSBackgroundingTone */,
			);
		};
/* End PBXProject section */

/* Begin PBXResourcesBuildPhase section */
		72EC602D156CBF5E00111DAB /* Resources */ = {
			isa = PBXResourcesBuildPhase;
			buildActionMask = 2147483647;
			files = (
				72EC603E156CBF5E00111DAB /* InfoPlist.strings in Resources */,
			);
			runOnlyForDeploymentPostprocessing = 0;
		};
/* End PBXResourcesBuildPhase section */

/* Begin PBXSourcesBuildPhase section */
		72EC602B156CBF5E00111DAB /* Sources */ = {
			isa = PBXSourcesBuildPhase;
			buildActionMask = 2147483647;
			files = (
				72EC6040156CBF5E00111DAB /* main.m in Sources */,
				72EC6044156CBF5E00111DAB /* CH10_iOSBackgroundingToneAppDelegate.m in Sources */,
			);
			runOnlyForDeploymentPostprocessing = 0;
		};
/* End PBXSourcesBuildPhase section */

/* Begin PBXVariantGroup section */
		72EC603C156CBF5E00111DAB /* InfoPlist.strings */ = {
			isa = PBXVariantGroup;
			children = (
				72EC603D156CBF5E00111DAB /* en */,
			);
			name = InfoPlist.strings;
			sourceTree = "<group>";
		};
/* End PBXVariantGroup section */

/* Begin XCBuildConfiguration section */
		72EC6045156CBF5E00111DAB /* Debug */ = {
			isa = XCBuildConfiguration;
			buildSettings = {
				ALWAYS_SEARCH_USER_PATHS = NO;
				ARCHS = "$(ARCHS_STANDARD_32_BIT)";
				CLANG_ENABLE_OBJC_ARC = YES;
				"CODE_SIGN_IDENTITY[sdk=iphoneos*]" = "iPhone Developer";
				COPY_PHASE_STRIP = NO;
				GCC_C_LANGUAGE_STANDARD = gnu99;
				GCC_DYNAMIC_NO_PIC = NO;
				GCC_OPTIMIZATION_LEVEL = 0;
				GCC_PREPROCESSOR_DEFINITIONS = (
					"DEBUG=1",
					"$(inherited)",
				);
				GCC_SYMBOLS_PRIVATE_EXTERN = NO;
				GCC_VERSION = com.apple.compilers.llvm.clang.1_0;
				GCC_WARN_ABOUT_RETURN_TYPE = YES;
				GCC_WARN_UNINITIALIZED_AUTOS = YES;
				GCC_WARN_UNUSED_VARIABLE = YES;
				IPHONEOS_DEPLOYMENT_TARGET = 5.1;
				SDKROOT = iphoneos;
			};
			name = Debug;
		};
		72EC6046156CBF5E00111DAB /* Release */ = {
			isa = XCBuildConfiguration;
			buildSettings = {
				ALWAYS_SEARCH_USER_PATHS = NO;
				ARCHS = "$(ARCHS_STANDARD_32_BIT)";
				CLANG_ENABLE_OBJC_ARC = YES;
				"CODE_SIGN_IDENTITY[sdk=iphoneos*]" = "iPhone Developer";
				COPY_PHASE_STRIP = YES;
				GCC_C_LANGUAGE_STANDARD = gnu99;
				GCC_VERSION = com.apple.compilers.llvm.clang.1_0;
				GCC_WARN_ABOUT_RETURN_TYPE = YES;
				GCC_WARN_UNINITIALIZED_AUTOS = YES;
				GCC_WARN_UNUSED_VARIABLE = YES;
				IPHONEOS_DEPLOYMENT_TARGET = 5.1;
				OTHER_CFLAGS = "-DNS_BLOCK_ASSERTIONS=1";
				SDKROOT = iphoneos;
				VALIDATE_PRODUCT = YES;
			};
			name = Release;
		};
		72EC6048156CBF5E00111DAB /* Debug */ = {
			isa = XCBuildConfiguration;
			buildSettings = {
				GCC_PRECOMPILE_PREFIX_HEADER = YES;
				GCC_PREFIX_HEADER = "CH10_iOSBackgroundingTone/CH10_iOSBackgroundingTone-Prefix.pch";
				INFOPLIST_FILE = "CH10_iOSBackgroundingTone/CH10_iOSBackgroundingTone-Info.plist";
				PRODUCT_NAME = "$(TARGET_NAME)";
				WRAPPER_EXTENSION = app;
			};
			name = Debug;
		};
		72EC6049156CBF5E00111DAB /* Release */ = {
			isa = XCBuildConfiguration;
			buildSettings = {
				GCC_PRECOMPILE_PREFIX_HEADER = YES;
				GCC_PREFIX_HEADER = "CH10_iOSBackgroundingTone/CH10_iOSBackgroundingTone-Prefix.pch";
				INFOPLIST_FILE = "CH10_iOSBackgroundingTone/CH10_iOSBackgroundingTone-Info.plist";
				PRODUCT_NAME = "$(TARGET_NAME)";
				WRAPPER_EXTENSION = app;
			};
			name = Release;
		};
/* End XCBuildConfiguration section */

/* Begin XCConfigurationList section */
		72EC6029156CBF5E00111DAB /* Build configuration list for PBXProject "CH10_iOSBackgroundingTone" */ = {
			isa = XCConfigurationList;
			buildConfigurations = (
				72EC6045156CBF5E00111DAB /* Debug */,
				72EC6046156CBF5E00111DAB /* Release */,
			);
			defaultConfigurationIsVisible = 0;
			defaultConfigurationName = Release;
		};
		72EC6047156CBF5E00111DAB /* Build configuration list for PBXNativeTarget "CH10_iOSBackgroundingTone" */ = {
			isa = XCConfigurationList;
			buildConfigurations = (
				72EC6048156CBF5E00111DAB /* Debug */,
				72EC6049156CBF5E00111DAB /* Release */,
			);
			defaultConfigurationIsVisible = 0;
		};
/* End XCConfigurationList section */
	};
	rootObject = 72EC6026156CBF5E00111DAB /* Project object */;
}
